
Microsoft Visual Studio Solution File, Format Version 12.00
# Visual Studio Version 17
VisualStudioVersion = 17.7.34024.191
MinimumVisualStudioVersion = 10.0.40219.1
Project("{FAE04EC0-301F-11D3-BF4B-00C04F79EFBC}") = "Notes", "Notes.csproj", "{14F079A9-ECB7-483F-B09E-B5A50279F5A3}"
EndProject
Global
	GlobalSection(SolutionConfigurationPlatforms) = preSolution
		Debug|Any CPU = Debug|Any CPU
		Release|Any CPU = Release|Any CPU
	EndGlobalSection
	GlobalSection(ProjectConfigurationPlatforms) = postSolution
		{14F079A9-ECB7-483F-B09E-B5A50279F5A3}.Debug|Any CPU.ActiveCfg = Debug|Any CPU
		{14F079A9-ECB7-483F-B09E-B5A50279F5A3}.Debug|Any CPU.Build.0 = Debug|Any CPU
		{14F079A9-ECB7-483F-B09E-B5A50279F5A3}.Debug|Any CPU.Deploy.0 = Debug|Any CPU
		{14F079A9-ECB7-483F-B09E-B5A50279F5A3}.Release|Any CPU.ActiveCfg = Release|Any CPU
		{14F079A9-ECB7-483F-B09E-B5A50279F5A3}.Release|Any CPU.Build.0 = Release|Any CPU
		{14F079A9-ECB7-483F-B09E-B5A50279F5A3}.Release|Any CPU.Deploy.0 = Release|Any CPU
	EndGlobalSection
	GlobalSection(SolutionProperties) = preSolution
		HideSolutionNode = FALSE
	EndGlobalSection
	GlobalSection(ExtensibilityGlobals) = postSolution
		SolutionGuid = {9C3534D2-01EA-4227-AA0D-C61EF5ABCAD2}
	EndGlobalSection
EndGlobal
